Microsoft Visual Studio Solution File, Format Version 12.00
# Visual Studio Version 17
VisualStudioVersion = 17.5.2.0
MinimumVisualStudioVersion = 10.0.40219.1
Project("{FAE04EC0-301F-11D3-BF4B-00C04F79EFBC}") = "WanderRiderRentACar", "WanderRiderRentACar.csproj", "{8E3B455A-8481-9A8E-662D-41519B70C6BC}"
EndProject
Global
	GlobalSection(SolutionConfigurationPlatforms) = preSolution
		Debug|Any CPU = Debug|Any CPU
		Release|Any CPU = Release|Any CPU
	EndGlobalSection
	GlobalSection(ProjectConfigurationPlatforms) = postSolution
		{8E3B455A-8481-9A8E-662D-41519B70C6BC}.Debug|Any CPU.ActiveCfg = Debug|Any CPU
		{8E3B455A-8481-9A8E-662D-41519B70C6BC}.Debug|Any CPU.Build.0 = Debug|Any CPU
		{8E3B455A-8481-9A8E-662D-41519B70C6BC}.Release|Any CPU.ActiveCfg = Release|Any CPU
		{8E3B455A-8481-9A8E-662D-41519B70C6BC}.Release|Any CPU.Build.0 = Release|Any CPU
	EndGlobalSection
	GlobalSection(SolutionProperties) = preSolution
		HideSolutionNode = FALSE
	EndGlobalSection
	GlobalSection(ExtensibilityGlobals) = postSolution
		SolutionGuid = {0E493E28-AA3C-4E94-866C-9465F94701D6}
	EndGlobalSection
EndGlobal
